// !$*UTF8*$!
{
	archiveVersion = 1;
	classes = {
	};
	objectVersion = 50;
	objects = {

/* Begin PBXBuildFile section */
		D965606B24AABE1600A07A82 /* AppDelegate.swift in Sources */ = {isa = PBXBuildFile; fileRef = D965606A24AABE1600A07A82 /* AppDelegate.swift */; };
		D965606D24AABE1600A07A82 /* SceneDelegate.swift in Sources */ = {isa = PBXBuildFile; fileRef = D965606C24AABE1600A07A82 /* SceneDelegate.swift */; };
		D965606F24AABE1600A07A82 /* ViewController.swift in Sources */ = {isa = PBXBuildFile; fileRef = D965606E24AABE1600A07A82 /* ViewController.swift */; };
		D965607224AABE1600A07A82 /* Main.storyboard in Resources */ = {isa = PBXBuildFile; fileRef = D965607024AABE1600A07A82 /* Main.storyboard */; };
		D965607524AABE1600A07A82 /* ArtGallery.xcdatamodeld in Sources */ = {isa = PBXBuildFile; fileRef = D965607324AABE1600A07A82 /* ArtGallery.xcdatamodeld */; };
		D965607724AABE2C00A07A82 /* Assets.xcassets in Resources */ = {isa = PBXBuildFile; fileRef = D965607624AABE2C00A07A82 /* Assets.xcassets */; };
		D965607A24AABE2C00A07A82 /* LaunchScreen.storyboard in Resources */ = {isa = PBXBuildFile; fileRef = D965607824AABE2C00A07A82 /* LaunchScreen.storyboard */; };
		D965608224AACAA700A07A82 /* DetailsViewController.swift in Sources */ = {isa = PBXBuildFile; fileRef = D965608124AACAA700A07A82 /* DetailsViewController.swift */; };
/* End PBXBuildFile section */

/* Begin PBXFileReference section */
		D965606724AABE1600A07A82 /* ArtGallery.app */ = {isa = PBXFileReference; explicitFileType = wrapper.application; includeInIndex = 0; path = ArtGallery.app; sourceTree = BUILT_PRODUCTS_DIR; };
		D965606A24AABE1600A07A82 /* AppDelegate.swift */ = {isa = PBXFileReference; lastKnownFileType = sourcecode.swift; path = AppDelegate.swift; sourceTree = "<group>"; };
		D965606C24AABE1600A07A82 /* SceneDelegate.swift */ = {isa = PBXFileReference; lastKnownFileType = sourcecode.swift; path = SceneDelegate.swift; sourceTree = "<group>"; };
		D965606E24AABE1600A07A82 /* ViewController.swift */ = {isa = PBXFileReference; lastKnownFileType = sourcecode.swift; path = ViewController.swift; sourceTree = "<group>"; };
		D965607124AABE1600A07A82 /* Base */ = {isa = PBXFileReference; lastKnownFileType = file.storyboard; name = Base; path = Base.lproj/Main.storyboard; sourceTree = "<group>"; };
		D965607424AABE1600A07A82 /* ArtGallery.xcdatamodel */ = {isa = PBXFileReference; lastKnownFileType = wrapper.xcdatamodel; path = ArtGallery.xcdatamodel; sourceTree = "<group>"; };
		D965607624AABE2C00A07A82 /* Assets.xcassets */ = {isa = PBXFileReference; lastKnownFileType = folder.assetcatalog; path = Assets.xcassets; sourceTree = "<group>"; };
		D965607924AABE2C00A07A82 /* Base */ = {isa = PBXFileReference; lastKnownFileType = file.storyboard; name = Base; path = Base.lproj/LaunchScreen.storyboard; sourceTree = "<group>"; };
		D965607B24AABE2C00A07A82 /* Info.plist */ = {isa = PBXFileReference; lastKnownFileType = text.plist.xml; path = Info.plist; sourceTree = "<group>"; };
		D965608124AACAA700A07A82 /* DetailsViewController.swift */ = {isa = PBXFileReference; lastKnownFileType = sourcecode.swift; path = DetailsViewController.swift; sourceTree = "<group>"; };
/* End PBXFileReference section */

/* Begin PBXFrameworksBuildPhase section */
		D965606424AABE1600A07A82 /* Frameworks */ = {
			isa = PBXFrameworksBuildPhase;
			buildActionMask = 2147483647;
			files = (
			);
			runOnlyForDeploymentPostprocessing = 0;
		};
/* End PBXFrameworksBuildPhase section */

/* Begin PBXGroup section */
		D965605E24AABE1600A07A82 = {
			isa = PBXGroup;
			children = (
				D965606924AABE1600A07A82 /* ArtGallery */,
				D965606824AABE1600A07A82 /* Products */,
			);
			sourceTree = "<group>";
		};
		D965606824AABE1600A07A82 /* Products */ = {
			isa = PBXGroup;
			children = (
				D965606724AABE1600A07A82 /* ArtGallery.app */,
			);
			name = Products;
			sourceTree = "<group>";
		};
		D965606924AABE1600A07A82 /* ArtGallery */ = {
			isa = PBXGroup;
			children = (
				D965606A24AABE1600A07A82 /* AppDelegate.swift */,
				D965606C24AABE1600A07A82 /* SceneDelegate.swift */,
				D965606E24AABE1600A07A82 /* ViewController.swift */,
				D965608124AACAA700A07A82 /* DetailsViewController.swift */,
				D965607024AABE1600A07A82 /* Main.storyboard */,
				D965607624AABE2C00A07A82 /* Assets.xcassets */,
				D965607824AABE2C00A07A82 /* LaunchScreen.storyboard */,
				D965607B24AABE2C00A07A82 /* Info.plist */,
				D965607324AABE1600A07A82 /* ArtGallery.xcdatamodeld */,
			);
			path = ArtGallery;
			sourceTree = "<group>";
		};
/* End PBXGroup section */

/* Begin PBXNativeTarget section */
		D965606624AABE1600A07A82 /* ArtGallery */ = {
			isa = PBXNativeTarget;
			buildConfigurationList = D965607E24AABE2C00A07A82 /* Build configuration list for PBXNativeTarget "ArtGallery" */;
			buildPhases = (
				D965606324AABE1600A07A82 /* Sources */,
				D965606424AABE1600A07A82 /* Frameworks */,
				D965606524AABE1600A07A82 /* Resources */,
			);
			buildRules = (
			);
			dependencies = (
			);
			name = ArtGallery;
			productName = ArtGallery;
			productReference = D965606724AABE1600A07A82 /* ArtGallery.app */;
			productType = "com.apple.product-type.application";
		};
/* End PBXNativeTarget section */

/* Begin PBXProject section */
		D965605F24AABE1600A07A82 /* Project object */ = {
			isa = PBXProject;
			attributes = {
				LastSwiftUpdateCheck = 1150;
				LastUpgradeCheck = 1150;
				ORGANIZATIONNAME = Dustin;
				TargetAttributes = {
					D965606624AABE1600A07A82 = {
						CreatedOnToolsVersion = 11.5;
					};
				};
			};
			buildConfigurationList = D965606224AABE1600A07A82 /* Build configuration list for PBXProject "ArtGallery" */;
			compatibilityVersion = "Xcode 9.3";
			developmentRegion = en;
			hasScannedForEncodings = 0;
			knownRegions = (
				en,
				Base,
			);
			mainGroup = D965605E24AABE1600A07A82;
			productRefGroup = D965606824AABE1600A07A82 /* Products */;
			projectDirPath = "";
			projectRoot = "";
			targets = (
				D965606624AABE1600A07A82 /* ArtGallery */,
			);
		};
/* End PBXProject section */

/* Begin PBXResourcesBuildPhase section */
		D965606524AABE1600A07A82 /* Resources */ = {
			isa = PBXResourcesBuildPhase;
			buildActionMask = 2147483647;
			files = (
				D965607A24AABE2C00A07A82 /* LaunchScreen.storyboard in Resources */,
				D965607724AABE2C00A07A82 /* Assets.xcassets in Resources */,
				D965607224AABE1600A07A82 /* Main.storyboard in Resources */,
			);
			runOnlyForDeploymentPostprocessing = 0;
		};
/* End PBXResourcesBuildPhase section */

/* Begin PBXSourcesBuildPhase section */
		D965606324AABE1600A07A82 /* Sources */ = {
			isa = PBXSourcesBuildPhase;
			buildActionMask = 2147483647;
			files = (
				D965606F24AABE1600A07A82 /* ViewController.swift in Sources */,
				D965606B24AABE1600A07A82 /* AppDelegate.swift in Sources */,
				D965607524AABE1600A07A82 /* ArtGallery.xcdatamodeld in Sources */,
				D965606D24AABE1600A07A82 /* SceneDelegate.swift in Sources */,
				D965608224AACAA700A07A82 /* DetailsViewController.swift in Sources */,
			);
			runOnlyForDeploymentPostprocessing = 0;
		};
/* End PBXSourcesBuildPhase section */

/* Begin PBXVariantGroup section */
		D965607024AABE1600A07A82 /* Main.storyboard */ = {
			isa = PBXVariantGroup;
			children = (
				D965607124AABE1600A07A82 /* Base */,
			);
			name = Main.storyboard;
			sourceTree = "<group>";
		};
		D965607824AABE2C00A07A82 /* LaunchScreen.storyboard */ = {
			isa = PBXVariantGroup;
			children = (
				D965607924AABE2C00A07A82 /* Base */,
			);
			name = LaunchScreen.storyboard;
			sourceTree = "<group>";
		};
/* End PBXVariantGroup section */

/* Begin XCBuildConfiguration section */
		D965607C24AABE2C00A07A82 /* Debug */ = {
			isa = XCBuildConfiguration;
			buildSettings = {
				ALWAYS_SEARCH_USER_PATHS = NO;
				CLANG_ANALYZER_NONNULL = YES;
				CLANG_ANALYZER_NUMBER_OBJECT_CONVERSION = YES_AGGRESSIVE;
				CLANG_CXX_LANGUAGE_STANDARD = "gnu++14";
				CLANG_CXX_LIBRARY = "libc++";
				CLANG_ENABLE_MODULES = YES;
				CLANG_ENABLE_OBJC_ARC = YES;
				CLANG_ENABLE_OBJC_WEAK = YES;
				CLANG_WARN_BLOCK_CAPTURE_AUTORELEASING = YES;
				CLANG_WARN_BOOL_CONVERSION = YES;
				CLANG_WARN_COMMA = YES;
				CLANG_WARN_CONSTANT_CONVERSION = YES;
				CLANG_WARN_DEPRECATED_OBJC_IMPLEMENTATIONS = YES;
				CLANG_WARN_DIRECT_OBJC_ISA_USAGE = YES_ERROR;
				CLANG_WARN_DOCUMENTATION_COMMENTS = YES;
				CLANG_WARN_EMPTY_BODY = YES;
				CLANG_WARN_ENUM_CONVERSION = YES;
				CLANG_WARN_INFINITE_RECURSION = YES;
				CLANG_WARN_INT_CONVERSION = YES;
				CLANG_WARN_NON_LITERAL_NULL_CONVERSION = YES;
				CLANG_WARN_OBJC_IMPLICIT_RETAIN_SELF = YES;
				CLANG_WARN_OBJC_LITERAL_CONVERSION = YES;
				CLANG_WARN_OBJC_ROOT_CLASS = YES_ERROR;
				CLANG_WARN_RANGE_LOOP_ANALYSIS = YES;
				CLANG_WARN_STRICT_PROTOTYPES = YES;
				CLANG_WARN_SUSPICIOUS_MOVE = YES;
				CLANG_WARN_UNGUARDED_AVAILABILITY = YES_AGGRESSIVE;
				CLANG_WARN_UNREACHABLE_CODE = YES;
				CLANG_WARN__DUPLICATE_METHOD_MATCH = YES;
				COPY_PHASE_STRIP = NO;
				DEBUG_INFORMATION_FORMAT = dwarf;
				ENABLE_STRICT_OBJC_MSGSEND = YES;
				ENABLE_TESTABILITY = YES;
				GCC_C_LANGUAGE_STANDARD = gnu11;
				GCC_DYNAMIC_NO_PIC = NO;
				GCC_NO_COMMON_BLOCKS = YES;
				GCC_OPTIMIZATION_LEVEL = 0;
				GCC_PREPROCESSOR_DEFINITIONS = (
					"DEBUG=1",
					"$(inherited)",
				);
				GCC_WARN_64_TO_32_BIT_CONVERSION = YES;
				GCC_WARN_ABOUT_RETURN_TYPE = YES_ERROR;
				GCC_WARN_UNDECLARED_SELECTOR = YES;
				GCC_WARN_UNINITIALIZED_AUTOS = YES_AGGRESSIVE;
				GCC_WARN_UNUSED_FUNCTION = YES;
				GCC_WARN_UNUSED_VARIABLE = YES;
				IPHONEOS_DEPLOYMENT_TARGET = 13.5;
				MTL_ENABLE_DEBUG_INFO = INCLUDE_SOURCE;
				MTL_FAST_MATH = YES;
				ONLY_ACTIVE_ARCH = YES;
				SDKROOT = iphoneos;
				SWIFT_ACTIVE_COMPILATION_CONDITIONS = DEBUG;
				SWIFT_OPTIMIZATION_LEVEL = "-Onone";
			};
			name = Debug;
		};
		D965607D24AABE2C00A07A82 /* Release */ = {
			isa = XCBuildConfiguration;
			buildSettings = {
				ALWAYS_SEARCH_USER_PATHS = NO;
				CLANG_ANALYZER_NONNULL = YES;
				CLANG_ANALYZER_NUMBER_OBJECT_CONVERSION = YES_AGGRESSIVE;
				CLANG_CXX_LANGUAGE_STANDARD = "gnu++14";
				CLANG_CXX_LIBRARY = "libc++";
				CLANG_ENABLE_MODULES = YES;
				CLANG_ENABLE_OBJC_ARC = YES;
				CLANG_ENABLE_OBJC_WEAK = YES;
				CLANG_WARN_BLOCK_CAPTURE_AUTORELEASING = YES;
				CLANG_WARN_BOOL_CONVERSION = YES;
				CLANG_WARN_COMMA = YES;
				CLANG_WARN_CONSTANT_CONVERSION = YES;
				CLANG_WARN_DEPRECATED_OBJC_IMPLEMENTATIONS = YES;
				CLANG_WARN_DIRECT_OBJC_ISA_USAGE = YES_ERROR;
				CLANG_WARN_DOCUMENTATION_COMMENTS = YES;
				CLANG_WARN_EMPTY_BODY = YES;
				CLANG_WARN_ENUM_CONVERSION = YES;
				CLANG_WARN_INFINITE_RECURSION = YES;
				CLANG_WARN_INT_CONVERSION = YES;
				CLANG_WARN_NON_LITERAL_NULL_CONVERSION = YES;
				CLANG_WARN_OBJC_IMPLICIT_RETAIN_SELF = YES;
				CLANG_WARN_OBJC_LITERAL_CONVERSION = YES;
				CLANG_WARN_OBJC_ROOT_CLASS = YES_ERROR;
				CLANG_WARN_RANGE_LOOP_ANALYSIS = YES;
				CLANG_WARN_STRICT_PROTOTYPES = YES;
				CLANG_WARN_SUSPICIOUS_MOVE = YES;
				CLANG_WARN_UNGUARDED_AVAILABILITY = YES_AGGRESSIVE;
				CLANG_WARN_UNREACHABLE_CODE = YES;
				CLANG_WARN__DUPLICATE_METHOD_MATCH = YES;
				COPY_PHASE_STRIP = NO;
				DEBUG_INFORMATION_FORMAT = "dwarf-with-dsym";
				ENABLE_NS_ASSERTIONS = NO;
				ENABLE_STRICT_OBJC_MSGSEND = YES;
				GCC_C_LANGUAGE_STANDARD = gnu11;
				GCC_NO_COMMON_BLOCKS = YES;
				GCC_WARN_64_TO_32_BIT_CONVERSION = YES;
				GCC_WARN_ABOUT_RETURN_TYPE = YES_ERROR;
				GCC_WARN_UNDECLARED_SELECTOR = YES;
				GCC_WARN_UNINITIALIZED_AUTOS = YES_AGGRESSIVE;
				GCC_WARN_UNUSED_FUNCTION = YES;
				GCC_WARN_UNUSED_VARIABLE = YES;
				IPHONEOS_DEPLOYMENT_TARGET = 13.5;
				MTL_ENABLE_DEBUG_INFO = NO;
				MTL_FAST_MATH = YES;
				SDKROOT = iphoneos;
				SWIFT_COMPILATION_MODE = wholemodule;
				SWIFT_OPTIMIZATION_LEVEL = "-O";
				VALIDATE_PRODUCT = YES;
			};
			name = Release;
		};
		D965607F24AABE2C00A07A82 /* Debug */ = {
			isa = XCBuildConfiguration;
			buildSettings = {
				ASSETCATALOG_COMPILER_APPICON_NAME = AppIcon;
				CODE_SIGN_STYLE = Automatic;
				DEVELOPMENT_TEAM = KHTC3WZ3S9;
				INFOPLIST_FILE = ArtGallery/Info.plist;
				LD_RUNPATH_SEARCH_PATHS = (
					"$(inherited)",
					"@executable_path/Frameworks",
				);
				PRODUCT_BUNDLE_IDENTIFIER = dm.ArtGallery;
				PRODUCT_NAME = "$(TARGET_NAME)";
				SWIFT_VERSION = 5.0;
				TARGETED_DEVICE_FAMILY = "1,2";
			};
			name = Debug;
		};
		D965608024AABE2C00A07A82 /* Release */ = {
			isa = XCBuildConfiguration;
			buildSettings = {
				ASSETCATALOG_COMPILER_APPICON_NAME = AppIcon;
				CODE_SIGN_STYLE = Automatic;
				DEVELOPMENT_TEAM = KHTC3WZ3S9;
				INFOPLIST_FILE = ArtGallery/Info.plist;
				LD_RUNPATH_SEARCH_PATHS = (
					"$(inherited)",
					"@executable_path/Frameworks",
				);
				PRODUCT_BUNDLE_IDENTIFIER = dm.ArtGallery;
				PRODUCT_NAME = "$(TARGET_NAME)";
				SWIFT_VERSION = 5.0;
				TARGETED_DEVICE_FAMILY = "1,2";
			};
			name = Release;
		};
/* End XCBuildConfiguration section */

/* Begin XCConfigurationList section */
		D965606224AABE1600A07A82 /* Build configuration list for PBXProject "ArtGallery" */ = {
			isa = XCConfigurationList;
			buildConfigurations = (
				D965607C24AABE2C00A07A82 /* Debug */,
				D965607D24AABE2C00A07A82 /* Release */,
			);
			defaultConfigurationIsVisible = 0;
			defaultConfigurationName = Release;
		};
		D965607E24AABE2C00A07A82 /* Build configuration list for PBXNativeTarget "ArtGallery" */ = {
			isa = XCConfigurationList;
			buildConfigurations = (
				D965607F24AABE2C00A07A82 /* Debug */,
				D965608024AABE2C00A07A82 /* Release */,
			);
			defaultConfigurationIsVisible = 0;
			defaultConfigurationName = Release;
		};
/* End XCConfigurationList section */

/* Begin XCVersionGroup section */
		D965607324AABE1600A07A82 /* ArtGallery.xcdatamodeld */ = {
			isa = XCVersionGroup;
			children = (
				D965607424AABE1600A07A82 /* ArtGallery.xcdatamodel */,
			);
			currentVersion = D965607424AABE1600A07A82 /* ArtGallery.xcdatamodel */;
			path = ArtGallery.xcdatamodeld;
			sourceTree = "<group>";
			versionGroupType = wrapper.xcdatamodel;
		};
/* End XCVersionGroup section */
	};
	rootObject = D965605F24AABE1600A07A82 /* Project object */;
}
